// !$*UTF8*$!
{
	archiveVersion = 1;
	classes = {
	};
	objectVersion = 77;
	objects = {

/* Begin PBXBuildFile section */
		04771B8A2EF7EE6400E70CDB /* VoiceUploadResponse.swift in Sources */ = {isa = PBXBuildFile; fileRef = 04771B892EF7EE6400E70CDB /* VoiceUploadResponse.swift */; };
		04771B8C2EF7EEB000E70CDB /* VoiceRecorder.swift in Sources */ = {isa = PBXBuildFile; fileRef = 04771B8B2EF7EEB000E70CDB /* VoiceRecorder.swift */; };
		04771B8E2EF7EEC900E70CDB /* AnalysisAPI+VoiceUpload.swift in Sources */ = {isa = PBXBuildFile; fileRef = 04771B8D2EF7EEC900E70CDB /* AnalysisAPI+VoiceUpload.swift */; };
		04771B902EF7EEED00E70CDB /* RecordVoiceViewModel.swift in Sources */ = {isa = PBXBuildFile; fileRef = 04771B8F2EF7EEED00E70CDB /* RecordVoiceViewModel.swift */; };
		04771B922EF7EF0700E70CDB /* RecordVoiceView.swift in Sources */ = {isa = PBXBuildFile; fileRef = 04771B912EF7EF0700E70CDB /* RecordVoiceView.swift */; };
		04771B9D2EF8014000E70CDB /* KaraokePlayer.swift in Sources */ = {isa = PBXBuildFile; fileRef = 04771B9C2EF8014000E70CDB /* KaraokePlayer.swift */; };
		04771B9F2EF804A600E70CDB /* 0005686800.320_no_voice_split_by_lalalai.m4a in Resources */ = {isa = PBXBuildFile; fileRef = 04771B9E2EF804A600E70CDB /* 0005686800.320_no_voice_split_by_lalalai.m4a */; };
		04771BA12EF808A900E70CDB /* songs.json in Resources */ = {isa = PBXBuildFile; fileRef = 04771BA02EF808A900E70CDB /* songs.json */; };
		04771BA52EF8095E00E70CDB /* 0005686800.320_voice_split_by_lalalai.m4a in Resources */ = {isa = PBXBuildFile; fileRef = 04771BA42EF8095E00E70CDB /* 0005686800.320_voice_split_by_lalalai.m4a */; };
		04771BA92EF809EC00E70CDB /* orpheus_lyrics.json in Resources */ = {isa = PBXBuildFile; fileRef = 04771BA82EF809EC00E70CDB /* orpheus_lyrics.json */; };
		0477B11E2EEAF2E4006C6113 /* compare.png in Resources */ = {isa = PBXBuildFile; fileRef = 0477B11D2EEAF2E4006C6113 /* compare.png */; };
		0477B1222EEAFAFA006C6113 /* summary.txt in Resources */ = {isa = PBXBuildFile; fileRef = 0477B1212EEAFAFA006C6113 /* summary.txt */; };
		0477B1232EEAFAFA006C6113 /* events.json in Resources */ = {isa = PBXBuildFile; fileRef = 0477B11F2EEAFAFA006C6113 /* events.json */; };
		0477B1242EEAFAFA006C6113 /* summary.json in Resources */ = {isa = PBXBuildFile; fileRef = 0477B1202EEAFAFA006C6113 /* summary.json */; };
/* End PBXBuildFile section */

/* Begin PBXFileReference section */
		04771B892EF7EE6400E70CDB /* VoiceUploadResponse.swift */ = {isa = PBXFileReference; lastKnownFileType = sourcecode.swift; path = VoiceUploadResponse.swift; sourceTree = "<group>"; };
		04771B8B2EF7EEB000E70CDB /* VoiceRecorder.swift */ = {isa = PBXFileReference; lastKnownFileType = sourcecode.swift; path = VoiceRecorder.swift; sourceTree = "<group>"; };
		04771B8D2EF7EEC900E70CDB /* AnalysisAPI+VoiceUpload.swift */ = {isa = PBXFileReference; lastKnownFileType = sourcecode.swift; path = "AnalysisAPI+VoiceUpload.swift"; sourceTree = "<group>"; };
		04771B8F2EF7EEED00E70CDB /* RecordVoiceViewModel.swift */ = {isa = PBXFileReference; lastKnownFileType = sourcecode.swift; path = RecordVoiceViewModel.swift; sourceTree = "<group>"; };
		04771B912EF7EF0700E70CDB /* RecordVoiceView.swift */ = {isa = PBXFileReference; lastKnownFileType = sourcecode.swift; path = RecordVoiceView.swift; sourceTree = "<group>"; };
		04771B9C2EF8014000E70CDB /* KaraokePlayer.swift */ = {isa = PBXFileReference; lastKnownFileType = sourcecode.swift; path = KaraokePlayer.swift; sourceTree = "<group>"; };
		04771B9E2EF804A600E70CDB /* 0005686800.320_no_voice_split_by_lalalai.m4a */ = {isa = PBXFileReference; lastKnownFileType = file; path = 0005686800.320_no_voice_split_by_lalalai.m4a; sourceTree = "<group>"; };
		04771BA02EF808A900E70CDB /* songs.json */ = {isa = PBXFileReference; lastKnownFileType = text.json; path = songs.json; sourceTree = "<group>"; };
		04771BA42EF8095E00E70CDB /* 0005686800.320_voice_split_by_lalalai.m4a */ = {isa = PBXFileReference; lastKnownFileType = file; path = 0005686800.320_voice_split_by_lalalai.m4a; sourceTree = "<group>"; };
		04771BA82EF809EC00E70CDB /* orpheus_lyrics.json */ = {isa = PBXFileReference; lastKnownFileType = text.json; path = orpheus_lyrics.json; sourceTree = "<group>"; };
		0477B1142EEAE880006C6113 /* SingingTrainer.app */ = {isa = PBXFileReference; explicitFileType = wrapper.application; includeInIndex = 0; path = SingingTrainer.app; sourceTree = BUILT_PRODUCTS_DIR; };
		0477B11D2EEAF2E4006C6113 /* compare.png */ = {isa = PBXFileReference; lastKnownFileType = image.png; name = compare.png; path = ../analysis/songs/orphans/export/compare.png; sourceTree = SOURCE_ROOT; };
		0477B11F2EEAFAFA006C6113 /* events.json */ = {isa = PBXFileReference; lastKnownFileType = text.json; name = events.json; path = ../analysis/songs/orphans/export/events.json; sourceTree = SOURCE_ROOT; };
		0477B1202EEAFAFA006C6113 /* summary.json */ = {isa = PBXFileReference; lastKnownFileType = text.json; name = summary.json; path = ../analysis/songs/orphans/export/summary.json; sourceTree = SOURCE_ROOT; };
		0477B1212EEAFAFA006C6113 /* summary.txt */ = {isa = PBXFileReference; lastKnownFileType = text; name = summary.txt; path = ../analysis/songs/orphans/export/summary.txt; sourceTree = SOURCE_ROOT; };
/* End PBXFileReference section */

/* Begin PBXFileSystemSynchronizedBuildFileExceptionSet section */
		04771B942EF7FAAF00E70CDB /* Exceptions for "SingingTrainer" folder in "SingingTrainer" target */ = {
			isa = PBXFileSystemSynchronizedBuildFileExceptionSet;
			membershipExceptions = (
				Info.plist,
			);
			target = 04C379702EE15F6100A38580 /* SingingTrainer */;
		};
/* End PBXFileSystemSynchronizedBuildFileExceptionSet section */

/* Begin PBXFileSystemSynchronizedRootGroup section */
		04771B972EF800C400E70CDB /* Lyrics */ = {
			isa = PBXFileSystemSynchronizedRootGroup;
			path = Lyrics;
			sourceTree = "<group>";
		};
		04771BAA2EF80AAE00E70CDB /* Songs */ = {
			isa = PBXFileSystemSynchronizedRootGroup;
			path = Songs;
			sourceTree = "<group>";
		};
		04771BB12EF80C7100E70CDB /* Shared */ = {
			isa = PBXFileSystemSynchronizedRootGroup;
			path = Shared;
			sourceTree = "<group>";
		};
		04C379732EE15F6100A38580 /* SingingTrainer */ = {
			isa = PBXFileSystemSynchronizedRootGroup;
			exceptions = (
				04771B942EF7FAAF00E70CDB /* Exceptions for "SingingTrainer" folder in "SingingTrainer" target */,
			);
			path = SingingTrainer;
			sourceTree = "<group>";
		};
/* End PBXFileSystemSynchronizedRootGroup section */

/* Begin PBXFrameworksBuildPhase section */
		04C3796E2EE15F6100A38580 /* Frameworks */ = {
			isa = PBXFrameworksBuildPhase;
			buildActionMask = 2147483647;
			files = (
			);
			runOnlyForDeploymentPostprocessing = 0;
		};
/* End PBXFrameworksBuildPhase section */

/* Begin PBXGroup section */
		04771B682EF7EB1600E70CDB /* API */ = {
			isa = PBXGroup;
			children = (
				04771B892EF7EE6400E70CDB /* VoiceUploadResponse.swift */,
				04771B8D2EF7EEC900E70CDB /* AnalysisAPI+VoiceUpload.swift */,
			);
			path = API;
			sourceTree = "<group>";
		};
		04771B6A2EF7EB1600E70CDB /* Audio */ = {
			isa = PBXGroup;
			children = (
				04771B8B2EF7EEB000E70CDB /* VoiceRecorder.swift */,
				04771B9C2EF8014000E70CDB /* KaraokePlayer.swift */,
				04771B9E2EF804A600E70CDB /* 0005686800.320_no_voice_split_by_lalalai.m4a */,
				04771BA02EF808A900E70CDB /* songs.json */,
				04771BA82EF809EC00E70CDB /* orpheus_lyrics.json */,
				04771BA42EF8095E00E70CDB /* 0005686800.320_voice_split_by_lalalai.m4a */,
			);
			path = Audio;
			sourceTree = "<group>";
		};
		04771B6B2EF7EB1600E70CDB /* RecordVoice */ = {
			isa = PBXGroup;
			children = (
				04771B8F2EF7EEED00E70CDB /* RecordVoiceViewModel.swift */,
				04771B912EF7EF0700E70CDB /* RecordVoiceView.swift */,
			);
			path = RecordVoice;
			sourceTree = "<group>";
		};
		04771B6C2EF7EB1600E70CDB /* Features */ = {
			isa = PBXGroup;
			children = (
				04771B6B2EF7EB1600E70CDB /* RecordVoice */,
			);
			path = Features;
			sourceTree = "<group>";
		};
		04771B6D2EF7EB1600E70CDB /* App */ = {
			isa = PBXGroup;
			children = (
				04771BB12EF80C7100E70CDB /* Shared */,
				04771BAA2EF80AAE00E70CDB /* Songs */,
				04771B972EF800C400E70CDB /* Lyrics */,
				04771B682EF7EB1600E70CDB /* API */,
				04771B6A2EF7EB1600E70CDB /* Audio */,
				04771B6C2EF7EB1600E70CDB /* Features */,
			);
			name = App;
			path = ../App;
			sourceTree = "<group>";
		};
		04C379682EE15F6100A38580 = {
			isa = PBXGroup;
			children = (
				04771B6D2EF7EB1600E70CDB /* App */,
				04C379732EE15F6100A38580 /* SingingTrainer */,
				0477B1142EEAE880006C6113 /* SingingTrainer.app */,
				0477B11D2EEAF2E4006C6113 /* compare.png */,
				0477B11F2EEAFAFA006C6113 /* events.json */,
				0477B1202EEAFAFA006C6113 /* summary.json */,
				0477B1212EEAFAFA006C6113 /* summary.txt */,
			);
			sourceTree = "<group>";
		};
/* End PBXGroup section */

/* Begin PBXNativeTarget section */
		04C379702EE15F6100A38580 /* SingingTrainer */ = {
			isa = PBXNativeTarget;
			buildConfigurationList = 04C3797C2EE15F6200A38580 /* Build configuration list for PBXNativeTarget "SingingTrainer" */;
			buildPhases = (
				04C3796D2EE15F6100A38580 /* Sources */,
				04C3796E2EE15F6100A38580 /* Frameworks */,
				04C3796F2EE15F6100A38580 /* Resources */,
			);
			buildRules = (
			);
			dependencies = (
			);
			fileSystemSynchronizedGroups = (
				04771B972EF800C400E70CDB /* Lyrics */,
				04771BAA2EF80AAE00E70CDB /* Songs */,
				04771BB12EF80C7100E70CDB /* Shared */,
				04C379732EE15F6100A38580 /* SingingTrainer */,
			);
			name = SingingTrainer;
			packageProductDependencies = (
			);
			productName = SingingTrainer;
			productReference = 0477B1142EEAE880006C6113 /* SingingTrainer.app */;
			productType = "com.apple.product-type.application";
		};
/* End PBXNativeTarget section */

/* Begin PBXProject section */
		04C379692EE15F6100A38580 /* Project object */ = {
			isa = PBXProject;
			attributes = {
				BuildIndependentTargetsInParallel = 1;
				LastSwiftUpdateCheck = 1640;
				LastUpgradeCheck = 1640;
				TargetAttributes = {
					04C379702EE15F6100A38580 = {
						CreatedOnToolsVersion = 16.4;
					};
				};
			};
			buildConfigurationList = 04C3796C2EE15F6100A38580 /* Build configuration list for PBXProject "SingingTrainer" */;
			developmentRegion = en;
			hasScannedForEncodings = 0;
			knownRegions = (
				en,
				Base,
			);
			mainGroup = 04C379682EE15F6100A38580;
			minimizedProjectReferenceProxies = 1;
			preferredProjectObjectVersion = 77;
			productRefGroup = 04C379682EE15F6100A38580;
			projectDirPath = "";
			projectRoot = "";
			targets = (
				04C379702EE15F6100A38580 /* SingingTrainer */,
			);
		};
/* End PBXProject section */

/* Begin PBXResourcesBuildPhase section */
		04C3796F2EE15F6100A38580 /* Resources */ = {
			isa = PBXResourcesBuildPhase;
			buildActionMask = 2147483647;
			files = (
				0477B1222EEAFAFA006C6113 /* summary.txt in Resources */,
				0477B1232EEAFAFA006C6113 /* events.json in Resources */,
				04771BA92EF809EC00E70CDB /* orpheus_lyrics.json in Resources */,
				04771B9F2EF804A600E70CDB /* 0005686800.320_no_voice_split_by_lalalai.m4a in Resources */,
				0477B1242EEAFAFA006C6113 /* summary.json in Resources */,
				04771BA12EF808A900E70CDB /* songs.json in Resources */,
				04771BA52EF8095E00E70CDB /* 0005686800.320_voice_split_by_lalalai.m4a in Resources */,
				0477B11E2EEAF2E4006C6113 /* compare.png in Resources */,
			);
			runOnlyForDeploymentPostprocessing = 0;
		};
/* End PBXResourcesBuildPhase section */

/* Begin PBXSourcesBuildPhase section */
		04C3796D2EE15F6100A38580 /* Sources */ = {
			isa = PBXSourcesBuildPhase;
			buildActionMask = 2147483647;
			files = (
				04771B8C2EF7EEB000E70CDB /* VoiceRecorder.swift in Sources */,
				04771B902EF7EEED00E70CDB /* RecordVoiceViewModel.swift in Sources */,
				04771B8E2EF7EEC900E70CDB /* AnalysisAPI+VoiceUpload.swift in Sources */,
				04771B8A2EF7EE6400E70CDB /* VoiceUploadResponse.swift in Sources */,
				04771B922EF7EF0700E70CDB /* RecordVoiceView.swift in Sources */,
				04771B9D2EF8014000E70CDB /* KaraokePlayer.swift in Sources */,
			);
			runOnlyForDeploymentPostprocessing = 0;
		};
/* End PBXSourcesBuildPhase section */

/* Begin XCBuildConfiguration section */
		04C3797A2EE15F6200A38580 /* Debug */ = {
			isa = XCBuildConfiguration;
			buildSettings = {
				ALWAYS_SEARCH_USER_PATHS = NO;
				ASSETCATALOG_COMPILER_GENERATE_SWIFT_ASSET_SYMBOL_EXTENSIONS = YES;
				CLANG_ANALYZER_NONNULL = YES;
				CLANG_ANALYZER_NUMBER_OBJECT_CONVERSION = YES_AGGRESSIVE;
				CLANG_CXX_LANGUAGE_STANDARD = "gnu++20";
				CLANG_ENABLE_MODULES = YES;
				CLANG_ENABLE_OBJC_ARC = YES;
				CLANG_ENABLE_OBJC_WEAK = YES;
				CLANG_WARN_BLOCK_CAPTURE_AUTORELEASING = YES;
				CLANG_WARN_BOOL_CONVERSION = YES;
				CLANG_WARN_COMMA = YES;
				CLANG_WARN_CONSTANT_CONVERSION = YES;
				CLANG_WARN_DEPRECATED_OBJC_IMPLEMENTATIONS = YES;
				CLANG_WARN_DIRECT_OBJC_ISA_USAGE = YES_ERROR;
				CLANG_WARN_DOCUMENTATION_COMMENTS = YES;
				CLANG_WARN_EMPTY_BODY = YES;
				CLANG_WARN_ENUM_CONVERSION = YES;
				CLANG_WARN_INFINITE_RECURSION = YES;
				CLANG_WARN_INT_CONVERSION = YES;
				CLANG_WARN_NON_LITERAL_NULL_CONVERSION = YES;
				CLANG_WARN_OBJC_IMPLICIT_RETAIN_SELF = YES;
				CLANG_WARN_OBJC_LITERAL_CONVERSION = YES;
				CLANG_WARN_OBJC_ROOT_CLASS = YES_ERROR;
				CLANG_WARN_QUOTED_INCLUDE_IN_FRAMEWORK_HEADER = YES;
				CLANG_WARN_RANGE_LOOP_ANALYSIS = YES;
				CLANG_WARN_STRICT_PROTOTYPES = YES;
				CLANG_WARN_SUSPICIOUS_MOVE = YES;
				CLANG_WARN_UNGUARDED_AVAILABILITY = YES_AGGRESSIVE;
				CLANG_WARN_UNREACHABLE_CODE = YES;
				CLANG_WARN__DUPLICATE_METHOD_MATCH = YES;
				COPY_PHASE_STRIP = NO;
				DEBUG_INFORMATION_FORMAT = dwarf;
				ENABLE_STRICT_OBJC_MSGSEND = YES;
				ENABLE_TESTABILITY = YES;
				ENABLE_USER_SCRIPT_SANDBOXING = YES;
				GCC_C_LANGUAGE_STANDARD = gnu17;
				GCC_DYNAMIC_NO_PIC = NO;
				GCC_NO_COMMON_BLOCKS = YES;
				GCC_OPTIMIZATION_LEVEL = 0;
				GCC_PREPROCESSOR_DEFINITIONS = (
					"DEBUG=1",
					"$(inherited)",
				);
				GCC_WARN_64_TO_32_BIT_CONVERSION = YES;
				GCC_WARN_ABOUT_RETURN_TYPE = YES_ERROR;
				GCC_WARN_UNDECLARED_SELECTOR = YES;
				GCC_WARN_UNINITIALIZED_AUTOS = YES_AGGRESSIVE;
				GCC_WARN_UNUSED_FUNCTION = YES;
				GCC_WARN_UNUSED_VARIABLE = YES;
				IPHONEOS_DEPLOYMENT_TARGET = 18.5;
				LOCALIZATION_PREFERS_STRING_CATALOGS = YES;
				MTL_ENABLE_DEBUG_INFO = INCLUDE_SOURCE;
				MTL_FAST_MATH = YES;
				ONLY_ACTIVE_ARCH = YES;
				SDKROOT = iphoneos;
				SWIFT_ACTIVE_COMPILATION_CONDITIONS = "DEBUG $(inherited)";
				SWIFT_OPTIMIZATION_LEVEL = "-Onone";
			};
			name = Debug;
		};
		04C3797B2EE15F6200A38580 /* Release */ = {
			isa = XCBuildConfiguration;
			buildSettings = {
				ALWAYS_SEARCH_USER_PATHS = NO;
				ASSETCATALOG_COMPILER_GENERATE_SWIFT_ASSET_SYMBOL_EXTENSIONS = YES;
				CLANG_ANALYZER_NONNULL = YES;
				CLANG_ANALYZER_NUMBER_OBJECT_CONVERSION = YES_AGGRESSIVE;
				CLANG_CXX_LANGUAGE_STANDARD = "gnu++20";
				CLANG_ENABLE_MODULES = YES;
				CLANG_ENABLE_OBJC_ARC = YES;
				CLANG_ENABLE_OBJC_WEAK = YES;
				CLANG_WARN_BLOCK_CAPTURE_AUTORELEASING = YES;
				CLANG_WARN_BOOL_CONVERSION = YES;
				CLANG_WARN_COMMA = YES;
				CLANG_WARN_CONSTANT_CONVERSION = YES;
				CLANG_WARN_DEPRECATED_OBJC_IMPLEMENTATIONS = YES;
				CLANG_WARN_DIRECT_OBJC_ISA_USAGE = YES_ERROR;
				CLANG_WARN_DOCUMENTATION_COMMENTS = YES;
				CLANG_WARN_EMPTY_BODY = YES;
				CLANG_WARN_ENUM_CONVERSION = YES;
				CLANG_WARN_INFINITE_RECURSION = YES;
				CLANG_WARN_INT_CONVERSION = YES;
				CLANG_WARN_NON_LITERAL_NULL_CONVERSION = YES;
				CLANG_WARN_OBJC_IMPLICIT_RETAIN_SELF = YES;
				CLANG_WARN_OBJC_LITERAL_CONVERSION = YES;
				CLANG_WARN_OBJC_ROOT_CLASS = YES_ERROR;
				CLANG_WARN_QUOTED_INCLUDE_IN_FRAMEWORK_HEADER = YES;
				CLANG_WARN_RANGE_LOOP_ANALYSIS = YES;
				CLANG_WARN_STRICT_PROTOTYPES = YES;
				CLANG_WARN_SUSPICIOUS_MOVE = YES;
				CLANG_WARN_UNGUARDED_AVAILABILITY = YES_AGGRESSIVE;
				CLANG_WARN_UNREACHABLE_CODE = YES;
				CLANG_WARN__DUPLICATE_METHOD_MATCH = YES;
				COPY_PHASE_STRIP = NO;
				DEBUG_INFORMATION_FORMAT = "dwarf-with-dsym";
				ENABLE_NS_ASSERTIONS = NO;
				ENABLE_STRICT_OBJC_MSGSEND = YES;
				ENABLE_USER_SCRIPT_SANDBOXING = YES;
				GCC_C_LANGUAGE_STANDARD = gnu17;
				GCC_NO_COMMON_BLOCKS = YES;
				GCC_WARN_64_TO_32_BIT_CONVERSION = YES;
				GCC_WARN_ABOUT_RETURN_TYPE = YES_ERROR;
				GCC_WARN_UNDECLARED_SELECTOR = YES;
				GCC_WARN_UNINITIALIZED_AUTOS = YES_AGGRESSIVE;
				GCC_WARN_UNUSED_FUNCTION = YES;
				GCC_WARN_UNUSED_VARIABLE = YES;
				IPHONEOS_DEPLOYMENT_TARGET = 18.5;
				LOCALIZATION_PREFERS_STRING_CATALOGS = YES;
				MTL_ENABLE_DEBUG_INFO = NO;
				MTL_FAST_MATH = YES;
				SDKROOT = iphoneos;
				SWIFT_COMPILATION_MODE = wholemodule;
				VALIDATE_PRODUCT = YES;
			};
			name = Release;
		};
		04C3797D2EE15F6200A38580 /* Debug */ = {
			isa = XCBuildConfiguration;
			buildSettings = {
				ASSETCATALOG_COMPILER_APPICON_NAME = AppIcon;
				ASSETCATALOG_COMPILER_GLOBAL_ACCENT_COLOR_NAME = AccentColor;
				CODE_SIGN_STYLE = Automatic;
				CURRENT_PROJECT_VERSION = 1;
				ENABLE_PREVIEWS = YES;
				GENERATE_INFOPLIST_FILE = YES;
				INFOPLIST_FILE = SingingTrainer/Info.plist;
				INFOPLIST_KEY_NSMicrophoneUsageDescription = "歌声を録音して分析するためにマイクを使用します";
				INFOPLIST_KEY_UIApplicationSceneManifest_Generation = YES;
				INFOPLIST_KEY_UIApplicationSupportsIndirectInputEvents = YES;
				INFOPLIST_KEY_UILaunchScreen_Generation = YES;
				INFOPLIST_KEY_UISupportedInterfaceOrientations_iPad = "UIInterfaceOrientationPortrait UIInterfaceOrientationPortraitUpsideDown UIInterfaceOrientationLandscapeLeft UIInterfaceOrientationLandscapeRight";
				INFOPLIST_KEY_UISupportedInterfaceOrientations_iPhone = "UIInterfaceOrientationPortrait UIInterfaceOrientationLandscapeLeft UIInterfaceOrientationLandscapeRight";
				LD_RUNPATH_SEARCH_PATHS = (
					"$(inherited)",
					"@executable_path/Frameworks",
				);
				MARKETING_VERSION = 1.0;
				PRODUCT_BUNDLE_IDENTIFIER = com.arima.SingingTrainer;
				PRODUCT_NAME = "$(TARGET_NAME)";
				SWIFT_EMIT_LOC_STRINGS = YES;
				SWIFT_VERSION = 5.0;
				TARGETED_DEVICE_FAMILY = "1,2";
			};
			name = Debug;
		};
		04C3797E2EE15F6200A38580 /* Release */ = {
			isa = XCBuildConfiguration;
			buildSettings = {
				ASSETCATALOG_COMPILER_APPICON_NAME = AppIcon;
				ASSETCATALOG_COMPILER_GLOBAL_ACCENT_COLOR_NAME = AccentColor;
				CODE_SIGN_STYLE = Automatic;
				CURRENT_PROJECT_VERSION = 1;
				ENABLE_PREVIEWS = YES;
				GENERATE_INFOPLIST_FILE = YES;
				INFOPLIST_FILE = SingingTrainer/Info.plist;
				INFOPLIST_KEY_NSMicrophoneUsageDescription = "歌声を録音して分析するためにマイクを使用します";
				INFOPLIST_KEY_UIApplicationSceneManifest_Generation = YES;
				INFOPLIST_KEY_UIApplicationSupportsIndirectInputEvents = YES;
				INFOPLIST_KEY_UILaunchScreen_Generation = YES;
				INFOPLIST_KEY_UISupportedInterfaceOrientations_iPad = "UIInterfaceOrientationPortrait UIInterfaceOrientationPortraitUpsideDown UIInterfaceOrientationLandscapeLeft UIInterfaceOrientationLandscapeRight";
				INFOPLIST_KEY_UISupportedInterfaceOrientations_iPhone = "UIInterfaceOrientationPortrait UIInterfaceOrientationLandscapeLeft UIInterfaceOrientationLandscapeRight";
				LD_RUNPATH_SEARCH_PATHS = (
					"$(inherited)",
					"@executable_path/Frameworks",
				);
				MARKETING_VERSION = 1.0;
				PRODUCT_BUNDLE_IDENTIFIER = com.arima.SingingTrainer;
				PRODUCT_NAME = "$(TARGET_NAME)";
				SWIFT_EMIT_LOC_STRINGS = YES;
				SWIFT_VERSION = 5.0;
				TARGETED_DEVICE_FAMILY = "1,2";
			};
			name = Release;
		};
/* End XCBuildConfiguration section */

/* Begin XCConfigurationList section */
		04C3796C2EE15F6100A38580 /* Build configuration list for PBXProject "SingingTrainer" */ = {
			isa = XCConfigurationList;
			buildConfigurations = (
				04C3797A2EE15F6200A38580 /* Debug */,
				04C3797B2EE15F6200A38580 /* Release */,
			);
			defaultConfigurationIsVisible = 0;
			defaultConfigurationName = Release;
		};
		04C3797C2EE15F6200A38580 /* Build configuration list for PBXNativeTarget "SingingTrainer" */ = {
			isa = XCConfigurationList;
			buildConfigurations = (
				04C3797D2EE15F6200A38580 /* Debug */,
				04C3797E2EE15F6200A38580 /* Release */,
			);
			defaultConfigurationIsVisible = 0;
			defaultConfigurationName = Release;
		};
/* End XCConfigurationList section */
	};
	rootObject = 04C379692EE15F6100A38580 /* Project object */;
}
